
Microsoft Visual Studio Solution File, Format Version 12.00
# Visual Studio Version 17
VisualStudioVersion = 17.5.002.0
MinimumVisualStudioVersion = 10.0.40219.1
Project("{2150E333-8FDC-42A3-9474-1A3956D46DE8}") = "src", "src", "{15F89518-3F74-43D5-92D2-8B4394092F62}"
EndProject
Project("{9A19103F-16F7-4668-BE54-9A1E7A4F7556}") = "Interno.DJO", "src\Interno.DJO\Interno.DJO.csproj", "{9C88C5A0-2FE2-492B-89F9-74F2398C571B}"
EndProject
Project("{9A19103F-16F7-4668-BE54-9A1E7A4F7556}") = "Interno.Domain", "src\Interno.Domain\Interno.Domain.csproj", "{ABB013DA-444B-46DB-A927-5E75B757826C}"
EndProject
Project("{9A19103F-16F7-4668-BE54-9A1E7A4F7556}") = "Interno.HealthCare", "src\Interno.HealthCare\Interno.HealthCare.csproj", "{3F7D6A8F-698D-4988-A245-DDFD1FCC065D}"
EndProject
Project("{9A19103F-16F7-4668-BE54-9A1E7A4F7556}") = "Interno.HumanResource", "src\Interno.HumanResource\Interno.HumanResource.csproj", "{FE6DD2A6-8FC9-4348-B029-BEDC9550CFC8}"
EndProject
Project("{9A19103F-16F7-4668-BE54-9A1E7A4F7556}") = "Interno.Inventory", "src\Interno.Inventory\Interno.Inventory.csproj", "{23F2095B-BF65-4C10-B70B-74C308000A57}"
EndProject
Project("{9A19103F-16F7-4668-BE54-9A1E7A4F7556}") = "Interno.Production", "src\Interno.Production\Interno.Production.csproj", "{A9571D1B-DBE8-4696-8B9D-A5A71FDDBDA7}"
EndProject
Project("{9A19103F-16F7-4668-BE54-9A1E7A4F7556}") = "Interno.Quality", "src\Interno.Quality\Interno.Quality.csproj", "{7D3D1753-59D9-4B7F-8904-B0F5EF4FA2A1}"
EndProject
Project("{9A19103F-16F7-4668-BE54-9A1E7A4F7556}") = "Interno.Security", "src\Interno.Security\Interno.Security.csproj", "{2EE0B1F4-6421-4FA0-99D2-3943BFF39335}"
EndProject
Project("{9A19103F-16F7-4668-BE54-9A1E7A4F7556}") = "Interno.Users", "src\Interno.Users\Interno.Users.csproj", "{3636B5B5-FFD3-4EE2-8DFB-9D87C2E4D651}"
EndProject
Project("{9A19103F-16F7-4668-BE54-9A1E7A4F7556}") = "Interno.WebApp", "src\Interno.WebApp\Interno.WebApp.csproj", "{1AE76AFD-E2BA-46C6-BB5E-306EA633CB44}"
EndProject
Project("{2150E333-8FDC-42A3-9474-1A3956D46DE8}") = "v7.0", "v7.0", "{B8E09F9A-5FD1-44E8-BF81-B1DFF0188959}"
EndProject
Project("{9A19103F-16F7-4668-BE54-9A1E7A4F7556}") = "Interno.Gym", "src\v7.0\Interno.Gym\Interno.Gym.csproj", "{75FBDBBA-7F25-40D9-8E25-2F6E46AFAF28}"
EndProject
Project("{9A19103F-16F7-4668-BE54-9A1E7A4F7556}") = "Interno.Hotel", "src\v7.0\Interno.Hotel\Interno.Hotel.csproj", "{DD137291-9E6F-4239-A709-EA0B21819FA1}"
EndProject
Project("{9A19103F-16F7-4668-BE54-9A1E7A4F7556}") = "Interno.Outset", "src\v7.0\Interno.Outset\Interno.Outset.csproj", "{3E82B6F9-188B-40CE-B06A-C7B256575280}"
EndProject
Project("{9A19103F-16F7-4668-BE54-9A1E7A4F7556}") = "TodoApi", "src\v7.0\TodoApi\TodoApi.csproj", "{23EF1BB9-F5A0-4F47-B48E-F05426B9DED7}"
EndProject
Global
	GlobalSection(SolutionConfigurationPlatforms) = preSolution
		Debug|Any CPU = Debug|Any CPU
		Release|Any CPU = Release|Any CPU
	EndGlobalSection
	GlobalSection(ProjectConfigurationPlatforms) = postSolution
		{9C88C5A0-2FE2-492B-89F9-74F2398C571B}.Debug|Any CPU.ActiveCfg = Debug|Any CPU
		{9C88C5A0-2FE2-492B-89F9-74F2398C571B}.Debug|Any CPU.Build.0 = Debug|Any CPU
		{9C88C5A0-2FE2-492B-89F9-74F2398C571B}.Release|Any CPU.ActiveCfg = Release|Any CPU
		{9C88C5A0-2FE2-492B-89F9-74F2398C571B}.Release|Any CPU.Build.0 = Release|Any CPU
		{ABB013DA-444B-46DB-A927-5E75B757826C}.Debug|Any CPU.ActiveCfg = Debug|Any CPU
		{ABB013DA-444B-46DB-A927-5E75B757826C}.Debug|Any CPU.Build.0 = Debug|Any CPU
		{ABB013DA-444B-46DB-A927-5E75B757826C}.Release|Any CPU.ActiveCfg = Release|Any CPU
		{ABB013DA-444B-46DB-A927-5E75B757826C}.Release|Any CPU.Build.0 = Release|Any CPU
		{3F7D6A8F-698D-4988-A245-DDFD1FCC065D}.Debug|Any CPU.ActiveCfg = Debug|Any CPU
		{3F7D6A8F-698D-4988-A245-DDFD1FCC065D}.Debug|Any CPU.Build.0 = Debug|Any CPU
		{3F7D6A8F-698D-4988-A245-DDFD1FCC065D}.Release|Any CPU.ActiveCfg = Release|Any CPU
		{3F7D6A8F-698D-4988-A245-DDFD1FCC065D}.Release|Any CPU.Build.0 = Release|Any CPU
		{FE6DD2A6-8FC9-4348-B029-BEDC9550CFC8}.Debug|Any CPU.ActiveCfg = Debug|Any CPU
		{FE6DD2A6-8FC9-4348-B029-BEDC9550CFC8}.Debug|Any CPU.Build.0 = Debug|Any CPU
		{FE6DD2A6-8FC9-4348-B029-BEDC9550CFC8}.Release|Any CPU.ActiveCfg = Release|Any CPU
		{FE6DD2A6-8FC9-4348-B029-BEDC9550CFC8}.Release|Any CPU.Build.0 = Release|Any CPU
		{23F2095B-BF65-4C10-B70B-74C308000A57}.Debug|Any CPU.ActiveCfg = Debug|Any CPU
		{23F2095B-BF65-4C10-B70B-74C308000A57}.Debug|Any CPU.Build.0 = Debug|Any CPU
		{23F2095B-BF65-4C10-B70B-74C308000A57}.Release|Any CPU.ActiveCfg = Release|Any CPU
		{23F2095B-BF65-4C10-B70B-74C308000A57}.Release|Any CPU.Build.0 = Release|Any CPU
		{A9571D1B-DBE8-4696-8B9D-A5A71FDDBDA7}.Debug|Any CPU.ActiveCfg = Debug|Any CPU
		{A9571D1B-DBE8-4696-8B9D-A5A71FDDBDA7}.Debug|Any CPU.Build.0 = Debug|Any CPU
		{A9571D1B-DBE8-4696-8B9D-A5A71FDDBDA7}.Release|Any CPU.ActiveCfg = Release|Any CPU
		{A9571D1B-DBE8-4696-8B9D-A5A71FDDBDA7}.Release|Any CPU.Build.0 = Release|Any CPU
		{7D3D1753-59D9-4B7F-8904-B0F5EF4FA2A1}.Debug|Any CPU.ActiveCfg = Debug|Any CPU
		{7D3D1753-59D9-4B7F-8904-B0F5EF4FA2A1}.Debug|Any CPU.Build.0 = Debug|Any CPU
		{7D3D1753-59D9-4B7F-8904-B0F5EF4FA2A1}.Release|Any CPU.ActiveCfg = Release|Any CPU
		{7D3D1753-59D9-4B7F-8904-B0F5EF4FA2A1}.Release|Any CPU.Build.0 = Release|Any CPU
		{2EE0B1F4-6421-4FA0-99D2-3943BFF39335}.Debug|Any CPU.ActiveCfg = Debug|Any CPU
		{2EE0B1F4-6421-4FA0-99D2-3943BFF39335}.Debug|Any CPU.Build.0 = Debug|Any CPU
		{2EE0B1F4-6421-4FA0-99D2-3943BFF39335}.Release|Any CPU.ActiveCfg = Release|Any CPU
		{2EE0B1F4-6421-4FA0-99D2-3943BFF39335}.Release|Any CPU.Build.0 = Release|Any CPU
		{3636B5B5-FFD3-4EE2-8DFB-9D87C2E4D651}.Debug|Any CPU.ActiveCfg = Debug|Any CPU
		{3636B5B5-FFD3-4EE2-8DFB-9D87C2E4D651}.Debug|Any CPU.Build.0 = Debug|Any CPU
		{3636B5B5-FFD3-4EE2-8DFB-9D87C2E4D651}.Release|Any CPU.ActiveCfg = Release|Any CPU
		{3636B5B5-FFD3-4EE2-8DFB-9D87C2E4D651}.Release|Any CPU.Build.0 = Release|Any CPU
		{1AE76AFD-E2BA-46C6-BB5E-306EA633CB44}.Debug|Any CPU.ActiveCfg = Debug|Any CPU
		{1AE76AFD-E2BA-46C6-BB5E-306EA633CB44}.Debug|Any CPU.Build.0 = Debug|Any CPU
		{1AE76AFD-E2BA-46C6-BB5E-306EA633CB44}.Release|Any CPU.ActiveCfg = Release|Any CPU
		{1AE76AFD-E2BA-46C6-BB5E-306EA633CB44}.Release|Any CPU.Build.0 = Release|Any CPU
		{75FBDBBA-7F25-40D9-8E25-2F6E46AFAF28}.Debug|Any CPU.ActiveCfg = Debug|Any CPU
		{75FBDBBA-7F25-40D9-8E25-2F6E46AFAF28}.Debug|Any CPU.Build.0 = Debug|Any CPU
		{75FBDBBA-7F25-40D9-8E25-2F6E46AFAF28}.Release|Any CPU.ActiveCfg = Release|Any CPU
		{75FBDBBA-7F25-40D9-8E25-2F6E46AFAF28}.Release|Any CPU.Build.0 = Release|Any CPU
		{DD137291-9E6F-4239-A709-EA0B21819FA1}.Debug|Any CPU.ActiveCfg = Debug|Any CPU
		{DD137291-9E6F-4239-A709-EA0B21819FA1}.Debug|Any CPU.Build.0 = Debug|Any CPU
		{DD137291-9E6F-4239-A709-EA0B21819FA1}.Release|Any CPU.ActiveCfg = Release|Any CPU
		{DD137291-9E6F-4239-A709-EA0B21819FA1}.Release|Any CPU.Build.0 = Release|Any CPU
		{3E82B6F9-188B-40CE-B06A-C7B256575280}.Debug|Any CPU.ActiveCfg = Debug|Any CPU
		{3E82B6F9-188B-40CE-B06A-C7B256575280}.Debug|Any CPU.Build.0 = Debug|Any CPU
		{3E82B6F9-188B-40CE-B06A-C7B256575280}.Release|Any CPU.ActiveCfg = Release|Any CPU
		{3E82B6F9-188B-40CE-B06A-C7B256575280}.Release|Any CPU.Build.0 = Release|Any CPU
		{23EF1BB9-F5A0-4F47-B48E-F05426B9DED7}.Debug|Any CPU.ActiveCfg = Debug|Any CPU
		{23EF1BB9-F5A0-4F47-B48E-F05426B9DED7}.Debug|Any CPU.Build.0 = Debug|Any CPU
		{23EF1BB9-F5A0-4F47-B48E-F05426B9DED7}.Release|Any CPU.ActiveCfg = Release|Any CPU
		{23EF1BB9-F5A0-4F47-B48E-F05426B9DED7}.Release|Any CPU.Build.0 = Release|Any CPU
	EndGlobalSection
	GlobalSection(SolutionProperties) = preSolution
		HideSolutionNode = FALSE
	EndGlobalSection
	GlobalSection(NestedProjects) = preSolution
		{9C88C5A0-2FE2-492B-89F9-74F2398C571B} = {15F89518-3F74-43D5-92D2-8B4394092F62}
		{ABB013DA-444B-46DB-A927-5E75B757826C} = {15F89518-3F74-43D5-92D2-8B4394092F62}
		{3F7D6A8F-698D-4988-A245-DDFD1FCC065D} = {15F89518-3F74-43D5-92D2-8B4394092F62}
		{FE6DD2A6-8FC9-4348-B029-BEDC9550CFC8} = {15F89518-3F74-43D5-92D2-8B4394092F62}
		{23F2095B-BF65-4C10-B70B-74C308000A57} = {15F89518-3F74-43D5-92D2-8B4394092F62}
		{A9571D1B-DBE8-4696-8B9D-A5A71FDDBDA7} = {15F89518-3F74-43D5-92D2-8B4394092F62}
		{7D3D1753-59D9-4B7F-8904-B0F5EF4FA2A1} = {15F89518-3F74-43D5-92D2-8B4394092F62}
		{2EE0B1F4-6421-4FA0-99D2-3943BFF39335} = {15F89518-3F74-43D5-92D2-8B4394092F62}
		{3636B5B5-FFD3-4EE2-8DFB-9D87C2E4D651} = {15F89518-3F74-43D5-92D2-8B4394092F62}
		{1AE76AFD-E2BA-46C6-BB5E-306EA633CB44} = {15F89518-3F74-43D5-92D2-8B4394092F62}
		{B8E09F9A-5FD1-44E8-BF81-B1DFF0188959} = {15F89518-3F74-43D5-92D2-8B4394092F62}
		{75FBDBBA-7F25-40D9-8E25-2F6E46AFAF28} = {B8E09F9A-5FD1-44E8-BF81-B1DFF0188959}
		{DD137291-9E6F-4239-A709-EA0B21819FA1} = {B8E09F9A-5FD1-44E8-BF81-B1DFF0188959}
		{3E82B6F9-188B-40CE-B06A-C7B256575280} = {B8E09F9A-5FD1-44E8-BF81-B1DFF0188959}
		{23EF1BB9-F5A0-4F47-B48E-F05426B9DED7} = {B8E09F9A-5FD1-44E8-BF81-B1DFF0188959}
	EndGlobalSection
	GlobalSection(ExtensibilityGlobals) = postSolution
		SolutionGuid = {1E5C492C-3EE8-47BF-A79E-BDE98810FAEB}
	EndGlobalSection
EndGlobal
